
Microsoft Visual Studio Solution File, Format Version 12.00
# Visual Studio Version 17
VisualStudioVersion = 17.3.32929.385
MinimumVisualStudioVersion = 10.0.40219.1
Project("{9A19103F-16F7-4668-BE54-9A1E7A4F7556}") = "HashMap", "HashMap\HashMap.csproj", "{E787BEA0-F315-44DC-860B-E437F655F204}"
EndProject
Project("{FAE04EC0-301F-11D3-BF4B-00C04F79EFBC}") = "UnitTest", "UnitTest\UnitTest.csproj", "{4A1AB819-2B34-49CE-941C-3BE74B529D3C}"
EndProject
Global
	GlobalSection(SolutionConfigurationPlatforms) = preSolution
		Debug|Any CPU = Debug|Any CPU
		Release|Any CPU = Release|Any CPU
	EndGlobalSection
	GlobalSection(ProjectConfigurationPlatforms) = postSolution
		{E787BEA0-F315-44DC-860B-E437F655F204}.Debug|Any CPU.ActiveCfg = Debug|Any CPU
		{E787BEA0-F315-44DC-860B-E437F655F204}.Debug|Any CPU.Build.0 = Debug|Any CPU
		{E787BEA0-F315-44DC-860B-E437F655F204}.Release|Any CPU.ActiveCfg = Release|Any CPU
		{E787BEA0-F315-44DC-860B-E437F655F204}.Release|Any CPU.Build.0 = Release|Any CPU
		{4A1AB819-2B34-49CE-941C-3BE74B529D3C}.Debug|Any CPU.ActiveCfg = Debug|Any CPU
		{4A1AB819-2B34-49CE-941C-3BE74B529D3C}.Debug|Any CPU.Build.0 = Debug|Any CPU
		{4A1AB819-2B34-49CE-941C-3BE74B529D3C}.Release|Any CPU.ActiveCfg = Release|Any CPU
		{4A1AB819-2B34-49CE-941C-3BE74B529D3C}.Release|Any CPU.Build.0 = Release|Any CPU
	EndGlobalSection
	GlobalSection(SolutionProperties) = preSolution
		HideSolutionNode = FALSE
	EndGlobalSection
	GlobalSection(ExtensibilityGlobals) = postSolution
		SolutionGuid = {D7365D7B-670E-4A13-8FC3-CA46CCC78E43}
	EndGlobalSection
EndGlobal
